
Microsoft Visual Studio Solution File, Format Version 12.00
# Visual Studio Version 17
VisualStudioVersion = 17.1.32210.238
MinimumVisualStudioVersion = 10.0.40219.1
Project("{8BC9CEB8-8B4A-11D0-8D11-00A0C91BC942}") = "NeteastAutoDumper", "NeteastAutoDumper\NeteastAutoDumper.vcxproj", "{4436BDBE-B7CC-4BE7-B50D-9005D2FB26E4}"
EndProject
Global
	GlobalSection(SolutionConfigurationPlatforms) = preSolution
		Debug|x64 = Debug|x64
		Release|x64 = Release|x64
	EndGlobalSection
	GlobalSection(ProjectConfigurationPlatforms) = postSolution
		{4436BDBE-B7CC-4BE7-B50D-9005D2FB26E4}.Debug|x64.ActiveCfg = Debug|x64
		{4436BDBE-B7CC-4BE7-B50D-9005D2FB26E4}.Debug|x64.Build.0 = Debug|x64
		{4436BDBE-B7CC-4BE7-B50D-9005D2FB26E4}.Release|x64.ActiveCfg = Release|x64
		{4436BDBE-B7CC-4BE7-B50D-9005D2FB26E4}.Release|x64.Build.0 = Release|x64
	EndGlobalSection
	GlobalSection(SolutionProperties) = preSolution
		HideSolutionNode = FALSE
	EndGlobalSection
	GlobalSection(ExtensibilityGlobals) = postSolution
		SolutionGuid = {3445FEE0-E21A-4722-8F7F-52DF63CE01E4}
	EndGlobalSection
EndGlobal
